
Microsoft Visual Studio Solution File, Format Version 12.00
# Visual Studio Version 17
VisualStudioVersion = 17.14.36203.30 d17.14
MinimumVisualStudioVersion = 10.0.40219.1
Project("{FAE04EC0-301F-11D3-BF4B-00C04F79EFBC}") = "ACCAD", "ACCAD\ACCAD.csproj", "{A570A559-14AF-447A-8464-B3024E0B6E48}"
EndProject
Global
	GlobalSection(SolutionConfigurationPlatforms) = preSolution
		Debug|Any CPU = Debug|Any CPU
		Release|Any CPU = Release|Any CPU
	EndGlobalSection
	GlobalSection(ProjectConfigurationPlatforms) = postSolution
		{A570A559-14AF-447A-8464-B3024E0B6E48}.Debug|Any CPU.ActiveCfg = Debug|Any CPU
		{A570A559-14AF-447A-8464-B3024E0B6E48}.Debug|Any CPU.Build.0 = Debug|Any CPU
		{A570A559-14AF-447A-8464-B3024E0B6E48}.Release|Any CPU.ActiveCfg = Release|Any CPU
		{A570A559-14AF-447A-8464-B3024E0B6E48}.Release|Any CPU.Build.0 = Release|Any CPU
	EndGlobalSection
	GlobalSection(SolutionProperties) = preSolution
		HideSolutionNode = FALSE
	EndGlobalSection
	GlobalSection(ExtensibilityGlobals) = postSolution
		SolutionGuid = {3BA763F6-FC88-47CF-8F22-36A8A8272C37}
	EndGlobalSection
EndGlobal
